// !$*UTF8*$!
{
	archiveVersion = 1;
	classes = {
	};
	objectVersion = 51;
	objects = {

/* Begin PBXBuildFile section */
		017BAA40257C3A1700286973 /* AppDelegate.swift in Sources */ = {isa = PBXBuildFile; fileRef = 017BAA3F257C3A1700286973 /* AppDelegate.swift */; };
		017BAA42257C3A1700286973 /* SceneDelegate.swift in Sources */ = {isa = PBXBuildFile; fileRef = 017BAA41257C3A1700286973 /* SceneDelegate.swift */; };
		017BAA47257C3A1700286973 /* Main.storyboard in Resources */ = {isa = PBXBuildFile; fileRef = 017BAA45257C3A1700286973 /* Main.storyboard */; };
		017BAA49257C3A1700286973 /* Assets.xcassets in Resources */ = {isa = PBXBuildFile; fileRef = 017BAA48257C3A1700286973 /* Assets.xcassets */; };
		017BAA4C257C3A1700286973 /* LaunchScreen.storyboard in Resources */ = {isa = PBXBuildFile; fileRef = 017BAA4A257C3A1700286973 /* LaunchScreen.storyboard */; };
		017BAA5B257C3A9400286973 /* MapViewVC.swift in Sources */ = {isa = PBXBuildFile; fileRef = 017BAA5A257C3A9400286973 /* MapViewVC.swift */; };
		01A8122E25800B9600FE6B1D /* CategoryVC.swift in Sources */ = {isa = PBXBuildFile; fileRef = 01A8122D25800B9600FE6B1D /* CategoryVC.swift */; };
		01A8123125800D7800FE6B1D /* PlacesTVC.swift in Sources */ = {isa = PBXBuildFile; fileRef = 01A8123025800D7800FE6B1D /* PlacesTVC.swift */; };
		01A812342580233B00FE6B1D /* LoadingDelegate.swift in Sources */ = {isa = PBXBuildFile; fileRef = 01A812332580233B00FE6B1D /* LoadingDelegate.swift */; };
		ACED2A28B612CAE3F1BE0371 /* Pods_PlaceFinder.framework in Frameworks */ = {isa = PBXBuildFile; fileRef = 92EE01A39547FD9A568F4412 /* Pods_PlaceFinder.framework */; };
/* End PBXBuildFile section */

/* Begin PBXFileReference section */
		017BAA3C257C3A1700286973 /* PlaceFinder.app */ = {isa = PBXFileReference; explicitFileType = wrapper.application; includeInIndex = 0; path = PlaceFinder.app; sourceTree = BUILT_PRODUCTS_DIR; };
		017BAA3F257C3A1700286973 /* AppDelegate.swift */ = {isa = PBXFileReference; lastKnownFileType = sourcecode.swift; path = AppDelegate.swift; sourceTree = "<group>"; };
		017BAA41257C3A1700286973 /* SceneDelegate.swift */ = {isa = PBXFileReference; lastKnownFileType = sourcecode.swift; path = SceneDelegate.swift; sourceTree = "<group>"; };
		017BAA46257C3A1700286973 /* Base */ = {isa = PBXFileReference; lastKnownFileType = file.storyboard; name = Base; path = Base.lproj/Main.storyboard; sourceTree = "<group>"; };
		017BAA48257C3A1700286973 /* Assets.xcassets */ = {isa = PBXFileReference; lastKnownFileType = folder.assetcatalog; path = Assets.xcassets; sourceTree = "<group>"; };
		017BAA4B257C3A1700286973 /* Base */ = {isa = PBXFileReference; lastKnownFileType = file.storyboard; name = Base; path = Base.lproj/LaunchScreen.storyboard; sourceTree = "<group>"; };
		017BAA4D257C3A1700286973 /* Info.plist */ = {isa = PBXFileReference; lastKnownFileType = text.plist.xml; path = Info.plist; sourceTree = "<group>"; };
		017BAA5A257C3A9400286973 /* MapViewVC.swift */ = {isa = PBXFileReference; lastKnownFileType = sourcecode.swift; path = MapViewVC.swift; sourceTree = "<group>"; };
		01A8122D25800B9600FE6B1D /* CategoryVC.swift */ = {isa = PBXFileReference; lastKnownFileType = sourcecode.swift; path = CategoryVC.swift; sourceTree = "<group>"; };
		01A8123025800D7800FE6B1D /* PlacesTVC.swift */ = {isa = PBXFileReference; lastKnownFileType = sourcecode.swift; path = PlacesTVC.swift; sourceTree = "<group>"; };
		01A812332580233B00FE6B1D /* LoadingDelegate.swift */ = {isa = PBXFileReference; fileEncoding = 4; lastKnownFileType = sourcecode.swift; path = LoadingDelegate.swift; sourceTree = "<group>"; };
		5804E689D19438B2C16041A9 /* Pods-PlaceFinder.debug.xcconfig */ = {isa = PBXFileReference; includeInIndex = 1; lastKnownFileType = text.xcconfig; name = "Pods-PlaceFinder.debug.xcconfig"; path = "Target Support Files/Pods-PlaceFinder/Pods-PlaceFinder.debug.xcconfig"; sourceTree = "<group>"; };
		6AC08DCC7D8A3A6AE1C3F7D6 /* Pods-PlaceFinder.release.xcconfig */ = {isa = PBXFileReference; includeInIndex = 1; lastKnownFileType = text.xcconfig; name = "Pods-PlaceFinder.release.xcconfig"; path = "Target Support Files/Pods-PlaceFinder/Pods-PlaceFinder.release.xcconfig"; sourceTree = "<group>"; };
		92EE01A39547FD9A568F4412 /* Pods_PlaceFinder.framework */ = {isa = PBXFileReference; explicitFileType = wrapper.framework; includeInIndex = 0; path = Pods_PlaceFinder.framework; sourceTree = BUILT_PRODUCTS_DIR; };
/* End PBXFileReference section */

/* Begin PBXFrameworksBuildPhase section */
		017BAA39257C3A1700286973 /* Frameworks */ = {
			isa = PBXFrameworksBuildPhase;
			buildActionMask = 2147483647;
			files = (
				ACED2A28B612CAE3F1BE0371 /* Pods_PlaceFinder.framework in Frameworks */,
			);
			runOnlyForDeploymentPostprocessing = 0;
		};
/* End PBXFrameworksBuildPhase section */

/* Begin PBXGroup section */
		017BAA33257C3A1700286973 = {
			isa = PBXGroup;
			children = (
				017BAA3E257C3A1700286973 /* PlaceFinder */,
				017BAA3D257C3A1700286973 /* Products */,
				3F373426572DBF16CA71DE15 /* Pods */,
				083427CB4EC1E45AFC8A6BA0 /* Frameworks */,
			);
			sourceTree = "<group>";
		};
		017BAA3D257C3A1700286973 /* Products */ = {
			isa = PBXGroup;
			children = (
				017BAA3C257C3A1700286973 /* PlaceFinder.app */,
			);
			name = Products;
			sourceTree = "<group>";
		};
		017BAA3E257C3A1700286973 /* PlaceFinder */ = {
			isa = PBXGroup;
			children = (
				017BAA58257C3A3900286973 /* Resources */,
				017BAA57257C3A3000286973 /* ViewControllers */,
				017BAA56257C3A2800286973 /* StoryBoards */,
				017BAA54257C3A1C00286973 /* SupportinfFiles */,
				017BAA4D257C3A1700286973 /* Info.plist */,
			);
			path = PlaceFinder;
			sourceTree = "<group>";
		};
		017BAA54257C3A1C00286973 /* SupportinfFiles */ = {
			isa = PBXGroup;
			children = (
				01A812332580233B00FE6B1D /* LoadingDelegate.swift */,
				017BAA3F257C3A1700286973 /* AppDelegate.swift */,
				017BAA41257C3A1700286973 /* SceneDelegate.swift */,
			);
			path = SupportinfFiles;
			sourceTree = "<group>";
		};
		017BAA56257C3A2800286973 /* StoryBoards */ = {
			isa = PBXGroup;
			children = (
				017BAA45257C3A1700286973 /* Main.storyboard */,
				017BAA4A257C3A1700286973 /* LaunchScreen.storyboard */,
			);
			path = StoryBoards;
			sourceTree = "<group>";
		};
		017BAA57257C3A3000286973 /* ViewControllers */ = {
			isa = PBXGroup;
			children = (
				017BAA5A257C3A9400286973 /* MapViewVC.swift */,
				01A8122D25800B9600FE6B1D /* CategoryVC.swift */,
				01A8123025800D7800FE6B1D /* PlacesTVC.swift */,
			);
			path = ViewControllers;
			sourceTree = "<group>";
		};
		017BAA58257C3A3900286973 /* Resources */ = {
			isa = PBXGroup;
			children = (
				017BAA48257C3A1700286973 /* Assets.xcassets */,
			);
			path = Resources;
			sourceTree = "<group>";
		};
		083427CB4EC1E45AFC8A6BA0 /* Frameworks */ = {
			isa = PBXGroup;
			children = (
				92EE01A39547FD9A568F4412 /* Pods_PlaceFinder.framework */,
			);
			name = Frameworks;
			sourceTree = "<group>";
		};
		3F373426572DBF16CA71DE15 /* Pods */ = {
			isa = PBXGroup;
			children = (
				5804E689D19438B2C16041A9 /* Pods-PlaceFinder.debug.xcconfig */,
				6AC08DCC7D8A3A6AE1C3F7D6 /* Pods-PlaceFinder.release.xcconfig */,
			);
			path = Pods;
			sourceTree = "<group>";
		};
/* End PBXGroup section */

/* Begin PBXNativeTarget section */
		017BAA3B257C3A1700286973 /* PlaceFinder */ = {
			isa = PBXNativeTarget;
			buildConfigurationList = 017BAA50257C3A1700286973 /* Build configuration list for PBXNativeTarget "PlaceFinder" */;
			buildPhases = (
				9CFCE6287EFAB806C40C6D6D /* [CP] Check Pods Manifest.lock */,
				017BAA38257C3A1700286973 /* Sources */,
				017BAA39257C3A1700286973 /* Frameworks */,
				017BAA3A257C3A1700286973 /* Resources */,
				F3AC2CCD633123EEC0BBCC09 /* [CP] Copy Pods Resources */,
				4837E8294C2F7D4E9D01E4E2 /* [CP] Embed Pods Frameworks */,
			);
			buildRules = (
			);
			dependencies = (
			);
			name = PlaceFinder;
			productName = PlaceFinder;
			productReference = 017BAA3C257C3A1700286973 /* PlaceFinder.app */;
			productType = "com.apple.product-type.application";
		};
/* End PBXNativeTarget section */

/* Begin PBXProject section */
		017BAA34257C3A1700286973 /* Project object */ = {
			isa = PBXProject;
			attributes = {
				LastSwiftUpdateCheck = 1200;
				LastUpgradeCheck = 1200;
				TargetAttributes = {
					017BAA3B257C3A1700286973 = {
						CreatedOnToolsVersion = 12.0;
					};
				};
			};
			buildConfigurationList = 017BAA37257C3A1700286973 /* Build configuration list for PBXProject "PlaceFinder" */;
			compatibilityVersion = "Xcode 9.3";
			developmentRegion = en;
			hasScannedForEncodings = 0;
			knownRegions = (
				en,
				Base,
			);
			mainGroup = 017BAA33257C3A1700286973;
			productRefGroup = 017BAA3D257C3A1700286973 /* Products */;
			projectDirPath = "";
			projectRoot = "";
			targets = (
				017BAA3B257C3A1700286973 /* PlaceFinder */,
			);
		};
/* End PBXProject section */

/* Begin PBXResourcesBuildPhase section */
		017BAA3A257C3A1700286973 /* Resources */ = {
			isa = PBXResourcesBuildPhase;
			buildActionMask = 2147483647;
			files = (
				017BAA4C257C3A1700286973 /* LaunchScreen.storyboard in Resources */,
				017BAA49257C3A1700286973 /* Assets.xcassets in Resources */,
				017BAA47257C3A1700286973 /* Main.storyboard in Resources */,
			);
			runOnlyForDeploymentPostprocessing = 0;
		};
/* End PBXResourcesBuildPhase section */

/* Begin PBXShellScriptBuildPhase section */
		4837E8294C2F7D4E9D01E4E2 /* [CP] Embed Pods Frameworks */ = {
			isa = PBXShellScriptBuildPhase;
			buildActionMask = 2147483647;
			files = (
			);
			inputFileListPaths = (
				"${PODS_ROOT}/Target Support Files/Pods-PlaceFinder/Pods-PlaceFinder-frameworks-${CONFIGURATION}-input-files.xcfilelist",
			);
			name = "[CP] Embed Pods Frameworks";
			outputFileListPaths = (
				"${PODS_ROOT}/Target Support Files/Pods-PlaceFinder/Pods-PlaceFinder-frameworks-${CONFIGURATION}-output-files.xcfilelist",
			);
			runOnlyForDeploymentPostprocessing = 0;
			shellPath = /bin/sh;
			shellScript = "\"${PODS_ROOT}/Target Support Files/Pods-PlaceFinder/Pods-PlaceFinder-frameworks.sh\"\n";
			showEnvVarsInLog = 0;
		};
		9CFCE6287EFAB806C40C6D6D /* [CP] Check Pods Manifest.lock */ = {
			isa = PBXShellScriptBuildPhase;
			buildActionMask = 2147483647;
			files = (
			);
			inputFileListPaths = (
			);
			inputPaths = (
				"${PODS_PODFILE_DIR_PATH}/Podfile.lock",
				"${PODS_ROOT}/Manifest.lock",
			);
			name = "[CP] Check Pods Manifest.lock";
			outputFileListPaths = (
			);
			outputPaths = (
				"$(DERIVED_FILE_DIR)/Pods-PlaceFinder-checkManifestLockResult.txt",
			);
			runOnlyForDeploymentPostprocessing = 0;
			shellPath = /bin/sh;
			shellScript = "diff \"${PODS_PODFILE_DIR_PATH}/Podfile.lock\" \"${PODS_ROOT}/Manifest.lock\" > /dev/null\nif [ $? != 0 ] ; then\n    # print error to STDERR\n    echo \"error: The sandbox is not in sync with the Podfile.lock. Run 'pod install' or update your CocoaPods installation.\" >&2\n    exit 1\nfi\n# This output is used by Xcode 'outputs' to avoid re-running this script phase.\necho \"SUCCESS\" > \"${SCRIPT_OUTPUT_FILE_0}\"\n";
			showEnvVarsInLog = 0;
		};
		F3AC2CCD633123EEC0BBCC09 /* [CP] Copy Pods Resources */ = {
			isa = PBXShellScriptBuildPhase;
			buildActionMask = 2147483647;
			files = (
			);
			inputFileListPaths = (
				"${PODS_ROOT}/Target Support Files/Pods-PlaceFinder/Pods-PlaceFinder-resources-${CONFIGURATION}-input-files.xcfilelist",
			);
			name = "[CP] Copy Pods Resources";
			outputFileListPaths = (
				"${PODS_ROOT}/Target Support Files/Pods-PlaceFinder/Pods-PlaceFinder-resources-${CONFIGURATION}-output-files.xcfilelist",
			);
			runOnlyForDeploymentPostprocessing = 0;
			shellPath = /bin/sh;
			shellScript = "\"${PODS_ROOT}/Target Support Files/Pods-PlaceFinder/Pods-PlaceFinder-resources.sh\"\n";
			showEnvVarsInLog = 0;
		};
/* End PBXShellScriptBuildPhase section */

/* Begin PBXSourcesBuildPhase section */
		017BAA38257C3A1700286973 /* Sources */ = {
			isa = PBXSourcesBuildPhase;
			buildActionMask = 2147483647;
			files = (
				017BAA40257C3A1700286973 /* AppDelegate.swift in Sources */,
				017BAA5B257C3A9400286973 /* MapViewVC.swift in Sources */,
				01A8122E25800B9600FE6B1D /* CategoryVC.swift in Sources */,
				017BAA42257C3A1700286973 /* SceneDelegate.swift in Sources */,
				01A8123125800D7800FE6B1D /* PlacesTVC.swift in Sources */,
				01A812342580233B00FE6B1D /* LoadingDelegate.swift in Sources */,
			);
			runOnlyForDeploymentPostprocessing = 0;
		};
/* End PBXSourcesBuildPhase section */

/* Begin PBXVariantGroup section */
		017BAA45257C3A1700286973 /* Main.storyboard */ = {
			isa = PBXVariantGroup;
			children = (
				017BAA46257C3A1700286973 /* Base */,
			);
			name = Main.storyboard;
			sourceTree = "<group>";
		};
		017BAA4A257C3A1700286973 /* LaunchScreen.storyboard */ = {
			isa = PBXVariantGroup;
			children = (
				017BAA4B257C3A1700286973 /* Base */,
			);
			name = LaunchScreen.storyboard;
			sourceTree = "<group>";
		};
/* End PBXVariantGroup section */

/* Begin XCBuildConfiguration section */
		017BAA4E257C3A1700286973 /* Debug */ = {
			isa = XCBuildConfiguration;
			buildSettings = {
				ALWAYS_SEARCH_USER_PATHS = NO;
				CLANG_ANALYZER_NONNULL = YES;
				CLANG_ANALYZER_NUMBER_OBJECT_CONVERSION = YES_AGGRESSIVE;
				CLANG_CXX_LANGUAGE_STANDARD = "gnu++14";
				CLANG_CXX_LIBRARY = "libc++";
				CLANG_ENABLE_MODULES = YES;
				CLANG_ENABLE_OBJC_ARC = YES;
				CLANG_ENABLE_OBJC_WEAK = YES;
				CLANG_WARN_BLOCK_CAPTURE_AUTORELEASING = YES;
				CLANG_WARN_BOOL_CONVERSION = YES;
				CLANG_WARN_COMMA = YES;
				CLANG_WARN_CONSTANT_CONVERSION = YES;
				CLANG_WARN_DEPRECATED_OBJC_IMPLEMENTATIONS = YES;
				CLANG_WARN_DIRECT_OBJC_ISA_USAGE = YES_ERROR;
				CLANG_WARN_DOCUMENTATION_COMMENTS = YES;
				CLANG_WARN_EMPTY_BODY = YES;
				CLANG_WARN_ENUM_CONVERSION = YES;
				CLANG_WARN_INFINITE_RECURSION = YES;
				CLANG_WARN_INT_CONVERSION = YES;
				CLANG_WARN_NON_LITERAL_NULL_CONVERSION = YES;
				CLANG_WARN_OBJC_IMPLICIT_RETAIN_SELF = YES;
				CLANG_WARN_OBJC_LITERAL_CONVERSION = YES;
				CLANG_WARN_OBJC_ROOT_CLASS = YES_ERROR;
				CLANG_WARN_QUOTED_INCLUDE_IN_FRAMEWORK_HEADER = YES;
				CLANG_WARN_RANGE_LOOP_ANALYSIS = YES;
				CLANG_WARN_STRICT_PROTOTYPES = YES;
				CLANG_WARN_SUSPICIOUS_MOVE = YES;
				CLANG_WARN_UNGUARDED_AVAILABILITY = YES_AGGRESSIVE;
				CLANG_WARN_UNREACHABLE_CODE = YES;
				CLANG_WARN__DUPLICATE_METHOD_MATCH = YES;
				COPY_PHASE_STRIP = NO;
				DEBUG_INFORMATION_FORMAT = dwarf;
				ENABLE_STRICT_OBJC_MSGSEND = YES;
				ENABLE_TESTABILITY = YES;
				GCC_C_LANGUAGE_STANDARD = gnu11;
				GCC_DYNAMIC_NO_PIC = NO;
				GCC_NO_COMMON_BLOCKS = YES;
				GCC_OPTIMIZATION_LEVEL = 0;
				GCC_PREPROCESSOR_DEFINITIONS = (
					"DEBUG=1",
					"$(inherited)",
				);
				GCC_WARN_64_TO_32_BIT_CONVERSION = YES;
				GCC_WARN_ABOUT_RETURN_TYPE = YES_ERROR;
				GCC_WARN_UNDECLARED_SELECTOR = YES;
				GCC_WARN_UNINITIALIZED_AUTOS = YES_AGGRESSIVE;
				GCC_WARN_UNUSED_FUNCTION = YES;
				GCC_WARN_UNUSED_VARIABLE = YES;
				IPHONEOS_DEPLOYMENT_TARGET = 14.0;
				MTL_ENABLE_DEBUG_INFO = INCLUDE_SOURCE;
				MTL_FAST_MATH = YES;
				ONLY_ACTIVE_ARCH = YES;
				SDKROOT = iphoneos;
				SWIFT_ACTIVE_COMPILATION_CONDITIONS = DEBUG;
				SWIFT_OPTIMIZATION_LEVEL = "-Onone";
			};
			name = Debug;
		};
		017BAA4F257C3A1700286973 /* Release */ = {
			isa = XCBuildConfiguration;
			buildSettings = {
				ALWAYS_SEARCH_USER_PATHS = NO;
				CLANG_ANALYZER_NONNULL = YES;
				CLANG_ANALYZER_NUMBER_OBJECT_CONVERSION = YES_AGGRESSIVE;
				CLANG_CXX_LANGUAGE_STANDARD = "gnu++14";
				CLANG_CXX_LIBRARY = "libc++";
				CLANG_ENABLE_MODULES = YES;
				CLANG_ENABLE_OBJC_ARC = YES;
				CLANG_ENABLE_OBJC_WEAK = YES;
				CLANG_WARN_BLOCK_CAPTURE_AUTORELEASING = YES;
				CLANG_WARN_BOOL_CONVERSION = YES;
				CLANG_WARN_COMMA = YES;
				CLANG_WARN_CONSTANT_CONVERSION = YES;
				CLANG_WARN_DEPRECATED_OBJC_IMPLEMENTATIONS = YES;
				CLANG_WARN_DIRECT_OBJC_ISA_USAGE = YES_ERROR;
				CLANG_WARN_DOCUMENTATION_COMMENTS = YES;
				CLANG_WARN_EMPTY_BODY = YES;
				CLANG_WARN_ENUM_CONVERSION = YES;
				CLANG_WARN_INFINITE_RECURSION = YES;
				CLANG_WARN_INT_CONVERSION = YES;
				CLANG_WARN_NON_LITERAL_NULL_CONVERSION = YES;
				CLANG_WARN_OBJC_IMPLICIT_RETAIN_SELF = YES;
				CLANG_WARN_OBJC_LITERAL_CONVERSION = YES;
				CLANG_WARN_OBJC_ROOT_CLASS = YES_ERROR;
				CLANG_WARN_QUOTED_INCLUDE_IN_FRAMEWORK_HEADER = YES;
				CLANG_WARN_RANGE_LOOP_ANALYSIS = YES;
				CLANG_WARN_STRICT_PROTOTYPES = YES;
				CLANG_WARN_SUSPICIOUS_MOVE = YES;
				CLANG_WARN_UNGUARDED_AVAILABILITY = YES_AGGRESSIVE;
				CLANG_WARN_UNREACHABLE_CODE = YES;
				CLANG_WARN__DUPLICATE_METHOD_MATCH = YES;
				COPY_PHASE_STRIP = NO;
				DEBUG_INFORMATION_FORMAT = "dwarf-with-dsym";
				ENABLE_NS_ASSERTIONS = NO;
				ENABLE_STRICT_OBJC_MSGSEND = YES;
				GCC_C_LANGUAGE_STANDARD = gnu11;
				GCC_NO_COMMON_BLOCKS = YES;
				GCC_WARN_64_TO_32_BIT_CONVERSION = YES;
				GCC_WARN_ABOUT_RETURN_TYPE = YES_ERROR;
				GCC_WARN_UNDECLARED_SELECTOR = YES;
				GCC_WARN_UNINITIALIZED_AUTOS = YES_AGGRESSIVE;
				GCC_WARN_UNUSED_FUNCTION = YES;
				GCC_WARN_UNUSED_VARIABLE = YES;
				IPHONEOS_DEPLOYMENT_TARGET = 14.0;
				MTL_ENABLE_DEBUG_INFO = NO;
				MTL_FAST_MATH = YES;
				SDKROOT = iphoneos;
				SWIFT_COMPILATION_MODE = wholemodule;
				SWIFT_OPTIMIZATION_LEVEL = "-O";
				VALIDATE_PRODUCT = YES;
			};
			name = Release;
		};
		017BAA51257C3A1700286973 /* Debug */ = {
			isa = XCBuildConfiguration;
			baseConfigurationReference = 5804E689D19438B2C16041A9 /* Pods-PlaceFinder.debug.xcconfig */;
			buildSettings = {
				ASSETCATALOG_COMPILER_APPICON_NAME = AppIcon;
				ASSETCATALOG_COMPILER_GLOBAL_ACCENT_COLOR_NAME = AccentColor;
				CODE_SIGN_STYLE = Automatic;
				DEVELOPMENT_TEAM = 5623L6RTG3;
				INFOPLIST_FILE = PlaceFinder/Info.plist;
				LD_RUNPATH_SEARCH_PATHS = (
					"$(inherited)",
					"@executable_path/Frameworks",
				);
				PRODUCT_BUNDLE_IDENTIFIER = com.demo.PlaceFinder;
				PRODUCT_NAME = "$(TARGET_NAME)";
				SWIFT_VERSION = 5.0;
				TARGETED_DEVICE_FAMILY = "1,2";
			};
			name = Debug;
		};
		017BAA52257C3A1700286973 /* Release */ = {
			isa = XCBuildConfiguration;
			baseConfigurationReference = 6AC08DCC7D8A3A6AE1C3F7D6 /* Pods-PlaceFinder.release.xcconfig */;
			buildSettings = {
				ASSETCATALOG_COMPILER_APPICON_NAME = AppIcon;
				ASSETCATALOG_COMPILER_GLOBAL_ACCENT_COLOR_NAME = AccentColor;
				CODE_SIGN_STYLE = Automatic;
				DEVELOPMENT_TEAM = 5623L6RTG3;
				INFOPLIST_FILE = PlaceFinder/Info.plist;
				LD_RUNPATH_SEARCH_PATHS = (
					"$(inherited)",
					"@executable_path/Frameworks",
				);
				PRODUCT_BUNDLE_IDENTIFIER = com.demo.PlaceFinder;
				PRODUCT_NAME = "$(TARGET_NAME)";
				SWIFT_VERSION = 5.0;
				TARGETED_DEVICE_FAMILY = "1,2";
			};
			name = Release;
		};
/* End XCBuildConfiguration section */

/* Begin XCConfigurationList section */
		017BAA37257C3A1700286973 /* Build configuration list for PBXProject "PlaceFinder" */ = {
			isa = XCConfigurationList;
			buildConfigurations = (
				017BAA4E257C3A1700286973 /* Debug */,
				017BAA4F257C3A1700286973 /* Release */,
			);
			defaultConfigurationIsVisible = 0;
			defaultConfigurationName = Release;
		};
		017BAA50257C3A1700286973 /* Build configuration list for PBXNativeTarget "PlaceFinder" */ = {
			isa = XCConfigurationList;
			buildConfigurations = (
				017BAA51257C3A1700286973 /* Debug */,
				017BAA52257C3A1700286973 /* Release */,
			);
			defaultConfigurationIsVisible = 0;
			defaultConfigurationName = Release;
		};
/* End XCConfigurationList section */
	};
	rootObject = 017BAA34257C3A1700286973 /* Project object */;
}
